
Microsoft Visual Studio Solution File, Format Version 12.00
# Visual Studio Version 17
VisualStudioVersion = 17.5.002.0
MinimumVisualStudioVersion = 10.0.40219.1
Project("{9A19103F-16F7-4668-BE54-9A1E7A4F7556}") = "Katas", "Katas\Katas.csproj", "{D51F72E5-F552-4DDB-9E22-C4E727A14B5A}"
EndProject
Project("{FAE04EC0-301F-11D3-BF4B-00C04F79EFBC}") = "Tests", "Tests\Tests.csproj", "{CEEF8D8F-5BC4-4371-A26E-80B434538A01}"
EndProject
Global
	GlobalSection(SolutionConfigurationPlatforms) = preSolution
		Debug|Any CPU = Debug|Any CPU
		Release|Any CPU = Release|Any CPU
	EndGlobalSection
	GlobalSection(ProjectConfigurationPlatforms) = postSolution
		{D51F72E5-F552-4DDB-9E22-C4E727A14B5A}.Debug|Any CPU.ActiveCfg = Debug|Any CPU
		{D51F72E5-F552-4DDB-9E22-C4E727A14B5A}.Debug|Any CPU.Build.0 = Debug|Any CPU
		{D51F72E5-F552-4DDB-9E22-C4E727A14B5A}.Release|Any CPU.ActiveCfg = Release|Any CPU
		{D51F72E5-F552-4DDB-9E22-C4E727A14B5A}.Release|Any CPU.Build.0 = Release|Any CPU
		{CEEF8D8F-5BC4-4371-A26E-80B434538A01}.Debug|Any CPU.ActiveCfg = Debug|Any CPU
		{CEEF8D8F-5BC4-4371-A26E-80B434538A01}.Debug|Any CPU.Build.0 = Debug|Any CPU
		{CEEF8D8F-5BC4-4371-A26E-80B434538A01}.Release|Any CPU.ActiveCfg = Release|Any CPU
		{CEEF8D8F-5BC4-4371-A26E-80B434538A01}.Release|Any CPU.Build.0 = Release|Any CPU
	EndGlobalSection
	GlobalSection(SolutionProperties) = preSolution
		HideSolutionNode = FALSE
	EndGlobalSection
	GlobalSection(ExtensibilityGlobals) = postSolution
		SolutionGuid = {003D90E5-AC41-4B17-90C4-EF4C651D3FAA}
	EndGlobalSection
EndGlobal
